
Microsoft Visual Studio Solution File, Format Version 12.00
# Visual Studio Version 16
VisualStudioVersion = 16.0.30907.101
MinimumVisualStudioVersion = 10.0.40219.1
Project("{9A19103F-16F7-4668-BE54-9A1E7A4F7556}") = "ProvoFoodies", "ProvoFoodies\ProvoFoodies.csproj", "{C17A86D1-69A1-4BE5-AADF-347AF29A4FCD}"
EndProject
Project("{2150E333-8FDC-42A3-9474-1A3956D46DE8}") = "Solution Items", "Solution Items", "{64680468-A91C-40A1-9516-E4C9A6A25DF4}"
	ProjectSection(SolutionItems) = preProject
		.editorconfig = .editorconfig
	EndProjectSection
EndProject
Global
	GlobalSection(SolutionConfigurationPlatforms) = preSolution
		Debug|Any CPU = Debug|Any CPU
		Release|Any CPU = Release|Any CPU
	EndGlobalSection
	GlobalSection(ProjectConfigurationPlatforms) = postSolution
		{C17A86D1-69A1-4BE5-AADF-347AF29A4FCD}.Debug|Any CPU.ActiveCfg = Debug|Any CPU
		{C17A86D1-69A1-4BE5-AADF-347AF29A4FCD}.Debug|Any CPU.Build.0 = Debug|Any CPU
		{C17A86D1-69A1-4BE5-AADF-347AF29A4FCD}.Release|Any CPU.ActiveCfg = Release|Any CPU
		{C17A86D1-69A1-4BE5-AADF-347AF29A4FCD}.Release|Any CPU.Build.0 = Release|Any CPU
	EndGlobalSection
	GlobalSection(SolutionProperties) = preSolution
		HideSolutionNode = FALSE
	EndGlobalSection
	GlobalSection(ExtensibilityGlobals) = postSolution
		SolutionGuid = {95A3E7F2-EE1F-4541-B0A3-945BFF70D268}
	EndGlobalSection
EndGlobal
